// !$*UTF8*$!
{
	archiveVersion = 1;
	classes = {
	};
	objectVersion = 55;
	objects = {

/* Begin PBXBuildFile section */
		4C2ADA135847781531D32FD0 /* Pods_Parstagram.framework in Frameworks */ = {isa = PBXBuildFile; fileRef = EAD3E22B764F9E290434FEB6 /* Pods_Parstagram.framework */; };
		5794456E27ED6A9C00AAD091 /* AppDelegate.swift in Sources */ = {isa = PBXBuildFile; fileRef = 5794456D27ED6A9C00AAD091 /* AppDelegate.swift */; };
		5794457027ED6A9C00AAD091 /* SceneDelegate.swift in Sources */ = {isa = PBXBuildFile; fileRef = 5794456F27ED6A9C00AAD091 /* SceneDelegate.swift */; };
		5794457527ED6A9C00AAD091 /* Main.storyboard in Resources */ = {isa = PBXBuildFile; fileRef = 5794457327ED6A9C00AAD091 /* Main.storyboard */; };
		5794457727ED6A9E00AAD091 /* Assets.xcassets in Resources */ = {isa = PBXBuildFile; fileRef = 5794457627ED6A9E00AAD091 /* Assets.xcassets */; };
		5794457A27ED6A9E00AAD091 /* LaunchScreen.storyboard in Resources */ = {isa = PBXBuildFile; fileRef = 5794457827ED6A9E00AAD091 /* LaunchScreen.storyboard */; };
		5794458527ED6A9E00AAD091 /* ParstagramTests.swift in Sources */ = {isa = PBXBuildFile; fileRef = 5794458427ED6A9E00AAD091 /* ParstagramTests.swift */; };
		5794458F27ED6A9E00AAD091 /* ParstagramUITests.swift in Sources */ = {isa = PBXBuildFile; fileRef = 5794458E27ED6A9E00AAD091 /* ParstagramUITests.swift */; };
		5794459127ED6A9E00AAD091 /* ParstagramUITestsLaunchTests.swift in Sources */ = {isa = PBXBuildFile; fileRef = 5794459027ED6A9E00AAD091 /* ParstagramUITestsLaunchTests.swift */; };
		579445A127ED74A300AAD091 /* Secrets.swift in Sources */ = {isa = PBXBuildFile; fileRef = 579445A027ED74A300AAD091 /* Secrets.swift */; };
		579445A427EE26D500AAD091 /* LoginViewController.swift in Sources */ = {isa = PBXBuildFile; fileRef = 579445A327EE26D500AAD091 /* LoginViewController.swift */; };
		579445A627EE26EC00AAD091 /* FeedViewController.swift in Sources */ = {isa = PBXBuildFile; fileRef = 579445A527EE26EC00AAD091 /* FeedViewController.swift */; };
		579445A827EE40E300AAD091 /* CameraViewController.swift in Sources */ = {isa = PBXBuildFile; fileRef = 579445A727EE40E300AAD091 /* CameraViewController.swift */; };
		579445AA27EE945300AAD091 /* PostCell.swift in Sources */ = {isa = PBXBuildFile; fileRef = 579445A927EE945300AAD091 /* PostCell.swift */; };
		579445B027EE994700AAD091 /* Post.swift in Sources */ = {isa = PBXBuildFile; fileRef = 579445AF27EE994700AAD091 /* Post.swift */; };
		BA1D8177CB8C91DB351EA11A /* Pods_ParstagramTests.framework in Frameworks */ = {isa = PBXBuildFile; fileRef = 58C8C93B387122EFD5BFA402 /* Pods_ParstagramTests.framework */; };
		D8B4B82E7EC60A2861E10AFC /* Pods_Parstagram_ParstagramUITests.framework in Frameworks */ = {isa = PBXBuildFile; fileRef = CD0DC1DAEEC09D35ADBA9AE2 /* Pods_Parstagram_ParstagramUITests.framework */; };
/* End PBXBuildFile section */

/* Begin PBXContainerItemProxy section */
		5794458127ED6A9E00AAD091 /* PBXContainerItemProxy */ = {
			isa = PBXContainerItemProxy;
			containerPortal = 5794456227ED6A9C00AAD091 /* Project object */;
			proxyType = 1;
			remoteGlobalIDString = 5794456927ED6A9C00AAD091;
			remoteInfo = Parstagram;
		};
		5794458B27ED6A9E00AAD091 /* PBXContainerItemProxy */ = {
			isa = PBXContainerItemProxy;
			containerPortal = 5794456227ED6A9C00AAD091 /* Project object */;
			proxyType = 1;
			remoteGlobalIDString = 5794456927ED6A9C00AAD091;
			remoteInfo = Parstagram;
		};
/* End PBXContainerItemProxy section */

/* Begin PBXFileReference section */
		17222C383AF6D1F8A1C15A6B /* Pods-Parstagram-ParstagramUITests.debug.xcconfig */ = {isa = PBXFileReference; includeInIndex = 1; lastKnownFileType = text.xcconfig; name = "Pods-Parstagram-ParstagramUITests.debug.xcconfig"; path = "Target Support Files/Pods-Parstagram-ParstagramUITests/Pods-Parstagram-ParstagramUITests.debug.xcconfig"; sourceTree = "<group>"; };
		177CFDB78995FA073A9FBC9E /* Pods-Parstagram.debug.xcconfig */ = {isa = PBXFileReference; includeInIndex = 1; lastKnownFileType = text.xcconfig; name = "Pods-Parstagram.debug.xcconfig"; path = "Target Support Files/Pods-Parstagram/Pods-Parstagram.debug.xcconfig"; sourceTree = "<group>"; };
		44389C6EC946A885E9E677CF /* Pods-Parstagram-ParstagramUITests.release.xcconfig */ = {isa = PBXFileReference; includeInIndex = 1; lastKnownFileType = text.xcconfig; name = "Pods-Parstagram-ParstagramUITests.release.xcconfig"; path = "Target Support Files/Pods-Parstagram-ParstagramUITests/Pods-Parstagram-ParstagramUITests.release.xcconfig"; sourceTree = "<group>"; };
		5794456A27ED6A9C00AAD091 /* Parstagram.app */ = {isa = PBXFileReference; explicitFileType = wrapper.application; includeInIndex = 0; path = Parstagram.app; sourceTree = BUILT_PRODUCTS_DIR; };
		5794456D27ED6A9C00AAD091 /* AppDelegate.swift */ = {isa = PBXFileReference; lastKnownFileType = sourcecode.swift; path = AppDelegate.swift; sourceTree = "<group>"; };
		5794456F27ED6A9C00AAD091 /* SceneDelegate.swift */ = {isa = PBXFileReference; lastKnownFileType = sourcecode.swift; path = SceneDelegate.swift; sourceTree = "<group>"; };
		5794457427ED6A9C00AAD091 /* Base */ = {isa = PBXFileReference; lastKnownFileType = file.storyboard; name = Base; path = Base.lproj/Main.storyboard; sourceTree = "<group>"; };
		5794457627ED6A9E00AAD091 /* Assets.xcassets */ = {isa = PBXFileReference; lastKnownFileType = folder.assetcatalog; path = Assets.xcassets; sourceTree = "<group>"; };
		5794457927ED6A9E00AAD091 /* Base */ = {isa = PBXFileReference; lastKnownFileType = file.storyboard; name = Base; path = Base.lproj/LaunchScreen.storyboard; sourceTree = "<group>"; };
		5794457B27ED6A9E00AAD091 /* Info.plist */ = {isa = PBXFileReference; lastKnownFileType = text.plist.xml; path = Info.plist; sourceTree = "<group>"; };
		5794458027ED6A9E00AAD091 /* ParstagramTests.xctest */ = {isa = PBXFileReference; explicitFileType = wrapper.cfbundle; includeInIndex = 0; path = ParstagramTests.xctest; sourceTree = BUILT_PRODUCTS_DIR; };
		5794458427ED6A9E00AAD091 /* ParstagramTests.swift */ = {isa = PBXFileReference; lastKnownFileType = sourcecode.swift; path = ParstagramTests.swift; sourceTree = "<group>"; };
		5794458A27ED6A9E00AAD091 /* ParstagramUITests.xctest */ = {isa = PBXFileReference; explicitFileType = wrapper.cfbundle; includeInIndex = 0; path = ParstagramUITests.xctest; sourceTree = BUILT_PRODUCTS_DIR; };
		5794458E27ED6A9E00AAD091 /* ParstagramUITests.swift */ = {isa = PBXFileReference; lastKnownFileType = sourcecode.swift; path = ParstagramUITests.swift; sourceTree = "<group>"; };
		5794459027ED6A9E00AAD091 /* ParstagramUITestsLaunchTests.swift */ = {isa = PBXFileReference; lastKnownFileType = sourcecode.swift; path = ParstagramUITestsLaunchTests.swift; sourceTree = "<group>"; };
		579445A027ED74A300AAD091 /* Secrets.swift */ = {isa = PBXFileReference; lastKnownFileType = sourcecode.swift; path = Secrets.swift; sourceTree = "<group>"; };
		579445A327EE26D500AAD091 /* LoginViewController.swift */ = {isa = PBXFileReference; lastKnownFileType = sourcecode.swift; path = LoginViewController.swift; sourceTree = "<group>"; };
		579445A527EE26EC00AAD091 /* FeedViewController.swift */ = {isa = PBXFileReference; lastKnownFileType = sourcecode.swift; path = FeedViewController.swift; sourceTree = "<group>"; };
		579445A727EE40E300AAD091 /* CameraViewController.swift */ = {isa = PBXFileReference; lastKnownFileType = sourcecode.swift; path = CameraViewController.swift; sourceTree = "<group>"; };
		579445A927EE945300AAD091 /* PostCell.swift */ = {isa = PBXFileReference; lastKnownFileType = sourcecode.swift; path = PostCell.swift; sourceTree = "<group>"; };
		579445AF27EE994700AAD091 /* Post.swift */ = {isa = PBXFileReference; lastKnownFileType = sourcecode.swift; path = Post.swift; sourceTree = "<group>"; };
		58C8C93B387122EFD5BFA402 /* Pods_ParstagramTests.framework */ = {isa = PBXFileReference; explicitFileType = wrapper.framework; includeInIndex = 0; path = Pods_ParstagramTests.framework; sourceTree = BUILT_PRODUCTS_DIR; };
		6045B8E3165977630F0F8174 /* Pods-Parstagram.release.xcconfig */ = {isa = PBXFileReference; includeInIndex = 1; lastKnownFileType = text.xcconfig; name = "Pods-Parstagram.release.xcconfig"; path = "Target Support Files/Pods-Parstagram/Pods-Parstagram.release.xcconfig"; sourceTree = "<group>"; };
		822B0177C8A9EC0F7A763278 /* Pods-ParstagramTests.release.xcconfig */ = {isa = PBXFileReference; includeInIndex = 1; lastKnownFileType = text.xcconfig; name = "Pods-ParstagramTests.release.xcconfig"; path = "Target Support Files/Pods-ParstagramTests/Pods-ParstagramTests.release.xcconfig"; sourceTree = "<group>"; };
		CD0DC1DAEEC09D35ADBA9AE2 /* Pods_Parstagram_ParstagramUITests.framework */ = {isa = PBXFileReference; explicitFileType = wrapper.framework; includeInIndex = 0; path = Pods_Parstagram_ParstagramUITests.framework; sourceTree = BUILT_PRODUCTS_DIR; };
		EAD3E22B764F9E290434FEB6 /* Pods_Parstagram.framework */ = {isa = PBXFileReference; explicitFileType = wrapper.framework; includeInIndex = 0; path = Pods_Parstagram.framework; sourceTree = BUILT_PRODUCTS_DIR; };
		F40DCC86E20B86A6FFF23ACE /* Pods-ParstagramTests.debug.xcconfig */ = {isa = PBXFileReference; includeInIndex = 1; lastKnownFileType = text.xcconfig; name = "Pods-ParstagramTests.debug.xcconfig"; path = "Target Support Files/Pods-ParstagramTests/Pods-ParstagramTests.debug.xcconfig"; sourceTree = "<group>"; };
/* End PBXFileReference section */

/* Begin PBXFrameworksBuildPhase section */
		5794456727ED6A9C00AAD091 /* Frameworks */ = {
			isa = PBXFrameworksBuildPhase;
			buildActionMask = 2147483647;
			files = (
				4C2ADA135847781531D32FD0 /* Pods_Parstagram.framework in Frameworks */,
			);
			runOnlyForDeploymentPostprocessing = 0;
		};
		5794457D27ED6A9E00AAD091 /* Frameworks */ = {
			isa = PBXFrameworksBuildPhase;
			buildActionMask = 2147483647;
			files = (
				BA1D8177CB8C91DB351EA11A /* Pods_ParstagramTests.framework in Frameworks */,
			);
			runOnlyForDeploymentPostprocessing = 0;
		};
		5794458727ED6A9E00AAD091 /* Frameworks */ = {
			isa = PBXFrameworksBuildPhase;
			buildActionMask = 2147483647;
			files = (
				D8B4B82E7EC60A2861E10AFC /* Pods_Parstagram_ParstagramUITests.framework in Frameworks */,
			);
			runOnlyForDeploymentPostprocessing = 0;
		};
/* End PBXFrameworksBuildPhase section */

/* Begin PBXGroup section */
		5794456127ED6A9C00AAD091 = {
			isa = PBXGroup;
			children = (
				5794456C27ED6A9C00AAD091 /* Parstagram */,
				5794458327ED6A9E00AAD091 /* ParstagramTests */,
				5794458D27ED6A9E00AAD091 /* ParstagramUITests */,
				5794456B27ED6A9C00AAD091 /* Products */,
				A2F4DEFF243C25DB5F2562F5 /* Pods */,
				E7CB05636B5DD6F28D418E37 /* Frameworks */,
			);
			sourceTree = "<group>";
		};
		5794456B27ED6A9C00AAD091 /* Products */ = {
			isa = PBXGroup;
			children = (
				5794456A27ED6A9C00AAD091 /* Parstagram.app */,
				5794458027ED6A9E00AAD091 /* ParstagramTests.xctest */,
				5794458A27ED6A9E00AAD091 /* ParstagramUITests.xctest */,
			);
			name = Products;
			sourceTree = "<group>";
		};
		5794456C27ED6A9C00AAD091 /* Parstagram */ = {
			isa = PBXGroup;
			children = (
				579445AE27EE993800AAD091 /* Models */,
				579445A227EE26B200AAD091 /* API */,
				5794456D27ED6A9C00AAD091 /* AppDelegate.swift */,
				5794456F27ED6A9C00AAD091 /* SceneDelegate.swift */,
				5794457327ED6A9C00AAD091 /* Main.storyboard */,
				579445AB27EE949400AAD091 /* CameraViewController */,
				5794457627ED6A9E00AAD091 /* Assets.xcassets */,
				5794457827ED6A9E00AAD091 /* LaunchScreen.storyboard */,
				5794457B27ED6A9E00AAD091 /* Info.plist */,
				579445AC27EE94A000AAD091 /* LoginViewController */,
				579445AD27EE94AA00AAD091 /* FeedViewController */,
			);
			path = Parstagram;
			sourceTree = "<group>";
		};
		5794458327ED6A9E00AAD091 /* ParstagramTests */ = {
			isa = PBXGroup;
			children = (
				5794458427ED6A9E00AAD091 /* ParstagramTests.swift */,
			);
			path = ParstagramTests;
			sourceTree = "<group>";
		};
		5794458D27ED6A9E00AAD091 /* ParstagramUITests */ = {
			isa = PBXGroup;
			children = (
				5794458E27ED6A9E00AAD091 /* ParstagramUITests.swift */,
				5794459027ED6A9E00AAD091 /* ParstagramUITestsLaunchTests.swift */,
			);
			path = ParstagramUITests;
			sourceTree = "<group>";
		};
		579445A227EE26B200AAD091 /* API */ = {
			isa = PBXGroup;
			children = (
				579445A027ED74A300AAD091 /* Secrets.swift */,
			);
			path = API;
			sourceTree = "<group>";
		};
		579445AB27EE949400AAD091 /* CameraViewController */ = {
			isa = PBXGroup;
			children = (
				579445A727EE40E300AAD091 /* CameraViewController.swift */,
			);
			path = CameraViewController;
			sourceTree = "<group>";
		};
		579445AC27EE94A000AAD091 /* LoginViewController */ = {
			isa = PBXGroup;
			children = (
				579445A327EE26D500AAD091 /* LoginViewController.swift */,
			);
			path = LoginViewController;
			sourceTree = "<group>";
		};
		579445AD27EE94AA00AAD091 /* FeedViewController */ = {
			isa = PBXGroup;
			children = (
				579445A527EE26EC00AAD091 /* FeedViewController.swift */,
				579445A927EE945300AAD091 /* PostCell.swift */,
			);
			path = FeedViewController;
			sourceTree = "<group>";
		};
		579445AE27EE993800AAD091 /* Models */ = {
			isa = PBXGroup;
			children = (
				579445AF27EE994700AAD091 /* Post.swift */,
			);
			path = Models;
			sourceTree = "<group>";
		};
		A2F4DEFF243C25DB5F2562F5 /* Pods */ = {
			isa = PBXGroup;
			children = (
				177CFDB78995FA073A9FBC9E /* Pods-Parstagram.debug.xcconfig */,
				6045B8E3165977630F0F8174 /* Pods-Parstagram.release.xcconfig */,
				17222C383AF6D1F8A1C15A6B /* Pods-Parstagram-ParstagramUITests.debug.xcconfig */,
				44389C6EC946A885E9E677CF /* Pods-Parstagram-ParstagramUITests.release.xcconfig */,
				F40DCC86E20B86A6FFF23ACE /* Pods-ParstagramTests.debug.xcconfig */,
				822B0177C8A9EC0F7A763278 /* Pods-ParstagramTests.release.xcconfig */,
			);
			path = Pods;
			sourceTree = "<group>";
		};
		E7CB05636B5DD6F28D418E37 /* Frameworks */ = {
			isa = PBXGroup;
			children = (
				EAD3E22B764F9E290434FEB6 /* Pods_Parstagram.framework */,
				CD0DC1DAEEC09D35ADBA9AE2 /* Pods_Parstagram_ParstagramUITests.framework */,
				58C8C93B387122EFD5BFA402 /* Pods_ParstagramTests.framework */,
			);
			name = Frameworks;
			sourceTree = "<group>";
		};
/* End PBXGroup section */

/* Begin PBXNativeTarget section */
		5794456927ED6A9C00AAD091 /* Parstagram */ = {
			isa = PBXNativeTarget;
			buildConfigurationList = 5794459427ED6A9E00AAD091 /* Build configuration list for PBXNativeTarget "Parstagram" */;
			buildPhases = (
				A645042300E8714533F26FEB /* [CP] Check Pods Manifest.lock */,
				5794456627ED6A9C00AAD091 /* Sources */,
				5794456727ED6A9C00AAD091 /* Frameworks */,
				5794456827ED6A9C00AAD091 /* Resources */,
				073364DCC19D9C6C55440BA5 /* [CP] Embed Pods Frameworks */,
			);
			buildRules = (
			);
			dependencies = (
			);
			name = Parstagram;
			productName = Parstagram;
			productReference = 5794456A27ED6A9C00AAD091 /* Parstagram.app */;
			productType = "com.apple.product-type.application";
		};
		5794457F27ED6A9E00AAD091 /* ParstagramTests */ = {
			isa = PBXNativeTarget;
			buildConfigurationList = 5794459727ED6A9E00AAD091 /* Build configuration list for PBXNativeTarget "ParstagramTests" */;
			buildPhases = (
				5006F65AD65C93E6E34BDDB3 /* [CP] Check Pods Manifest.lock */,
				5794457C27ED6A9E00AAD091 /* Sources */,
				5794457D27ED6A9E00AAD091 /* Frameworks */,
				5794457E27ED6A9E00AAD091 /* Resources */,
			);
			buildRules = (
			);
			dependencies = (
				5794458227ED6A9E00AAD091 /* PBXTargetDependency */,
			);
			name = ParstagramTests;
			productName = ParstagramTests;
			productReference = 5794458027ED6A9E00AAD091 /* ParstagramTests.xctest */;
			productType = "com.apple.product-type.bundle.unit-test";
		};
		5794458927ED6A9E00AAD091 /* ParstagramUITests */ = {
			isa = PBXNativeTarget;
			buildConfigurationList = 5794459A27ED6A9E00AAD091 /* Build configuration list for PBXNativeTarget "ParstagramUITests" */;
			buildPhases = (
				14CBF4F2D33F8C66469D4FB0 /* [CP] Check Pods Manifest.lock */,
				5794458627ED6A9E00AAD091 /* Sources */,
				5794458727ED6A9E00AAD091 /* Frameworks */,
				5794458827ED6A9E00AAD091 /* Resources */,
				63BF16FDBAF192DD31DEC2C1 /* [CP] Embed Pods Frameworks */,
			);
			buildRules = (
			);
			dependencies = (
				5794458C27ED6A9E00AAD091 /* PBXTargetDependency */,
			);
			name = ParstagramUITests;
			productName = ParstagramUITests;
			productReference = 5794458A27ED6A9E00AAD091 /* ParstagramUITests.xctest */;
			productType = "com.apple.product-type.bundle.ui-testing";
		};
/* End PBXNativeTarget section */

/* Begin PBXProject section */
		5794456227ED6A9C00AAD091 /* Project object */ = {
			isa = PBXProject;
			attributes = {
				BuildIndependentTargetsInParallel = 1;
				LastSwiftUpdateCheck = 1330;
				LastUpgradeCheck = 1330;
				TargetAttributes = {
					5794456927ED6A9C00AAD091 = {
						CreatedOnToolsVersion = 13.3;
					};
					5794457F27ED6A9E00AAD091 = {
						CreatedOnToolsVersion = 13.3;
						TestTargetID = 5794456927ED6A9C00AAD091;
					};
					5794458927ED6A9E00AAD091 = {
						CreatedOnToolsVersion = 13.3;
						TestTargetID = 5794456927ED6A9C00AAD091;
					};
				};
			};
			buildConfigurationList = 5794456527ED6A9C00AAD091 /* Build configuration list for PBXProject "Parstagram" */;
			compatibilityVersion = "Xcode 13.0";
			developmentRegion = en;
			hasScannedForEncodings = 0;
			knownRegions = (
				en,
				Base,
			);
			mainGroup = 5794456127ED6A9C00AAD091;
			productRefGroup = 5794456B27ED6A9C00AAD091 /* Products */;
			projectDirPath = "";
			projectRoot = "";
			targets = (
				5794456927ED6A9C00AAD091 /* Parstagram */,
				5794457F27ED6A9E00AAD091 /* ParstagramTests */,
				5794458927ED6A9E00AAD091 /* ParstagramUITests */,
			);
		};
/* End PBXProject section */

/* Begin PBXResourcesBuildPhase section */
		5794456827ED6A9C00AAD091 /* Resources */ = {
			isa = PBXResourcesBuildPhase;
			buildActionMask = 2147483647;
			files = (
				5794457A27ED6A9E00AAD091 /* LaunchScreen.storyboard in Resources */,
				5794457727ED6A9E00AAD091 /* Assets.xcassets in Resources */,
				5794457527ED6A9C00AAD091 /* Main.storyboard in Resources */,
			);
			runOnlyForDeploymentPostprocessing = 0;
		};
		5794457E27ED6A9E00AAD091 /* Resources */ = {
			isa = PBXResourcesBuildPhase;
			buildActionMask = 2147483647;
			files = (
			);
			runOnlyForDeploymentPostprocessing = 0;
		};
		5794458827ED6A9E00AAD091 /* Resources */ = {
			isa = PBXResourcesBuildPhase;
			buildActionMask = 2147483647;
			files = (
			);
			runOnlyForDeploymentPostprocessing = 0;
		};
/* End PBXResourcesBuildPhase section */

/* Begin PBXShellScriptBuildPhase section */
		073364DCC19D9C6C55440BA5 /* [CP] Embed Pods Frameworks */ = {
			isa = PBXShellScriptBuildPhase;
			buildActionMask = 2147483647;
			files = (
			);
			inputFileListPaths = (
				"${PODS_ROOT}/Target Support Files/Pods-Parstagram/Pods-Parstagram-frameworks-${CONFIGURATION}-input-files.xcfilelist",
			);
			name = "[CP] Embed Pods Frameworks";
			outputFileListPaths = (
				"${PODS_ROOT}/Target Support Files/Pods-Parstagram/Pods-Parstagram-frameworks-${CONFIGURATION}-output-files.xcfilelist",
			);
			runOnlyForDeploymentPostprocessing = 0;
			shellPath = /bin/sh;
			shellScript = "\"${PODS_ROOT}/Target Support Files/Pods-Parstagram/Pods-Parstagram-frameworks.sh\"\n";
			showEnvVarsInLog = 0;
		};
		14CBF4F2D33F8C66469D4FB0 /* [CP] Check Pods Manifest.lock */ = {
			isa = PBXShellScriptBuildPhase;
			buildActionMask = 2147483647;
			files = (
			);
			inputFileListPaths = (
			);
			inputPaths = (
				"${PODS_PODFILE_DIR_PATH}/Podfile.lock",
				"${PODS_ROOT}/Manifest.lock",
			);
			name = "[CP] Check Pods Manifest.lock";
			outputFileListPaths = (
			);
			outputPaths = (
				"$(DERIVED_FILE_DIR)/Pods-Parstagram-ParstagramUITests-checkManifestLockResult.txt",
			);
			runOnlyForDeploymentPostprocessing = 0;
			shellPath = /bin/sh;
			shellScript = "diff \"${PODS_PODFILE_DIR_PATH}/Podfile.lock\" \"${PODS_ROOT}/Manifest.lock\" > /dev/null\nif [ $? != 0 ] ; then\n    # print error to STDERR\n    echo \"error: The sandbox is not in sync with the Podfile.lock. Run 'pod install' or update your CocoaPods installation.\" >&2\n    exit 1\nfi\n# This output is used by Xcode 'outputs' to avoid re-running this script phase.\necho \"SUCCESS\" > \"${SCRIPT_OUTPUT_FILE_0}\"\n";
			showEnvVarsInLog = 0;
		};
		5006F65AD65C93E6E34BDDB3 /* [CP] Check Pods Manifest.lock */ = {
			isa = PBXShellScriptBuildPhase;
			buildActionMask = 2147483647;
			files = (
			);
			inputFileListPaths = (
			);
			inputPaths = (
				"${PODS_PODFILE_DIR_PATH}/Podfile.lock",
				"${PODS_ROOT}/Manifest.lock",
			);
			name = "[CP] Check Pods Manifest.lock";
			outputFileListPaths = (
			);
			outputPaths = (
				"$(DERIVED_FILE_DIR)/Pods-ParstagramTests-checkManifestLockResult.txt",
			);
			runOnlyForDeploymentPostprocessing = 0;
			shellPath = /bin/sh;
			shellScript = "diff \"${PODS_PODFILE_DIR_PATH}/Podfile.lock\" \"${PODS_ROOT}/Manifest.lock\" > /dev/null\nif [ $? != 0 ] ; then\n    # print error to STDERR\n    echo \"error: The sandbox is not in sync with the Podfile.lock. Run 'pod install' or update your CocoaPods installation.\" >&2\n    exit 1\nfi\n# This output is used by Xcode 'outputs' to avoid re-running this script phase.\necho \"SUCCESS\" > \"${SCRIPT_OUTPUT_FILE_0}\"\n";
			showEnvVarsInLog = 0;
		};
		63BF16FDBAF192DD31DEC2C1 /* [CP] Embed Pods Frameworks */ = {
			isa = PBXShellScriptBuildPhase;
			buildActionMask = 2147483647;
			files = (
			);
			inputFileListPaths = (
				"${PODS_ROOT}/Target Support Files/Pods-Parstagram-ParstagramUITests/Pods-Parstagram-ParstagramUITests-frameworks-${CONFIGURATION}-input-files.xcfilelist",
			);
			name = "[CP] Embed Pods Frameworks";
			outputFileListPaths = (
				"${PODS_ROOT}/Target Support Files/Pods-Parstagram-ParstagramUITests/Pods-Parstagram-ParstagramUITests-frameworks-${CONFIGURATION}-output-files.xcfilelist",
			);
			runOnlyForDeploymentPostprocessing = 0;
			shellPath = /bin/sh;
			shellScript = "\"${PODS_ROOT}/Target Support Files/Pods-Parstagram-ParstagramUITests/Pods-Parstagram-ParstagramUITests-frameworks.sh\"\n";
			showEnvVarsInLog = 0;
		};
		A645042300E8714533F26FEB /* [CP] Check Pods Manifest.lock */ = {
			isa = PBXShellScriptBuildPhase;
			buildActionMask = 2147483647;
			files = (
			);
			inputFileListPaths = (
			);
			inputPaths = (
				"${PODS_PODFILE_DIR_PATH}/Podfile.lock",
				"${PODS_ROOT}/Manifest.lock",
			);
			name = "[CP] Check Pods Manifest.lock";
			outputFileListPaths = (
			);
			outputPaths = (
				"$(DERIVED_FILE_DIR)/Pods-Parstagram-checkManifestLockResult.txt",
			);
			runOnlyForDeploymentPostprocessing = 0;
			shellPath = /bin/sh;
			shellScript = "diff \"${PODS_PODFILE_DIR_PATH}/Podfile.lock\" \"${PODS_ROOT}/Manifest.lock\" > /dev/null\nif [ $? != 0 ] ; then\n    # print error to STDERR\n    echo \"error: The sandbox is not in sync with the Podfile.lock. Run 'pod install' or update your CocoaPods installation.\" >&2\n    exit 1\nfi\n# This output is used by Xcode 'outputs' to avoid re-running this script phase.\necho \"SUCCESS\" > \"${SCRIPT_OUTPUT_FILE_0}\"\n";
			showEnvVarsInLog = 0;
		};
/* End PBXShellScriptBuildPhase section */

/* Begin PBXSourcesBuildPhase section */
		5794456627ED6A9C00AAD091 /* Sources */ = {
			isa = PBXSourcesBuildPhase;
			buildActionMask = 2147483647;
			files = (
				579445AA27EE945300AAD091 /* PostCell.swift in Sources */,
				579445A427EE26D500AAD091 /* LoginViewController.swift in Sources */,
				579445A127ED74A300AAD091 /* Secrets.swift in Sources */,
				579445B027EE994700AAD091 /* Post.swift in Sources */,
				579445A627EE26EC00AAD091 /* FeedViewController.swift in Sources */,
				5794456E27ED6A9C00AAD091 /* AppDelegate.swift in Sources */,
				5794457027ED6A9C00AAD091 /* SceneDelegate.swift in Sources */,
				579445A827EE40E300AAD091 /* CameraViewController.swift in Sources */,
			);
			runOnlyForDeploymentPostprocessing = 0;
		};
		5794457C27ED6A9E00AAD091 /* Sources */ = {
			isa = PBXSourcesBuildPhase;
			buildActionMask = 2147483647;
			files = (
				5794458527ED6A9E00AAD091 /* ParstagramTests.swift in Sources */,
			);
			runOnlyForDeploymentPostprocessing = 0;
		};
		5794458627ED6A9E00AAD091 /* Sources */ = {
			isa = PBXSourcesBuildPhase;
			buildActionMask = 2147483647;
			files = (
				5794459127ED6A9E00AAD091 /* ParstagramUITestsLaunchTests.swift in Sources */,
				5794458F27ED6A9E00AAD091 /* ParstagramUITests.swift in Sources */,
			);
			runOnlyForDeploymentPostprocessing = 0;
		};
/* End PBXSourcesBuildPhase section */

/* Begin PBXTargetDependency section */
		5794458227ED6A9E00AAD091 /* PBXTargetDependency */ = {
			isa = PBXTargetDependency;
			target = 5794456927ED6A9C00AAD091 /* Parstagram */;
			targetProxy = 5794458127ED6A9E00AAD091 /* PBXContainerItemProxy */;
		};
		5794458C27ED6A9E00AAD091 /* PBXTargetDependency */ = {
			isa = PBXTargetDependency;
			target = 5794456927ED6A9C00AAD091 /* Parstagram */;
			targetProxy = 5794458B27ED6A9E00AAD091 /* PBXContainerItemProxy */;
		};
/* End PBXTargetDependency section */

/* Begin PBXVariantGroup section */
		5794457327ED6A9C00AAD091 /* Main.storyboard */ = {
			isa = PBXVariantGroup;
			children = (
				5794457427ED6A9C00AAD091 /* Base */,
			);
			name = Main.storyboard;
			sourceTree = "<group>";
		};
		5794457827ED6A9E00AAD091 /* LaunchScreen.storyboard */ = {
			isa = PBXVariantGroup;
			children = (
				5794457927ED6A9E00AAD091 /* Base */,
			);
			name = LaunchScreen.storyboard;
			sourceTree = "<group>";
		};
/* End PBXVariantGroup section */

/* Begin XCBuildConfiguration section */
		5794459227ED6A9E00AAD091 /* Debug */ = {
			isa = XCBuildConfiguration;
			buildSettings = {
				ALWAYS_SEARCH_USER_PATHS = NO;
				CLANG_ANALYZER_NONNULL = YES;
				CLANG_ANALYZER_NUMBER_OBJECT_CONVERSION = YES_AGGRESSIVE;
				CLANG_CXX_LANGUAGE_STANDARD = "gnu++17";
				CLANG_ENABLE_MODULES = YES;
				CLANG_ENABLE_OBJC_ARC = YES;
				CLANG_ENABLE_OBJC_WEAK = YES;
				CLANG_WARN_BLOCK_CAPTURE_AUTORELEASING = YES;
				CLANG_WARN_BOOL_CONVERSION = YES;
				CLANG_WARN_COMMA = YES;
				CLANG_WARN_CONSTANT_CONVERSION = YES;
				CLANG_WARN_DEPRECATED_OBJC_IMPLEMENTATIONS = YES;
				CLANG_WARN_DIRECT_OBJC_ISA_USAGE = YES_ERROR;
				CLANG_WARN_DOCUMENTATION_COMMENTS = YES;
				CLANG_WARN_EMPTY_BODY = YES;
				CLANG_WARN_ENUM_CONVERSION = YES;
				CLANG_WARN_INFINITE_RECURSION = YES;
				CLANG_WARN_INT_CONVERSION = YES;
				CLANG_WARN_NON_LITERAL_NULL_CONVERSION = YES;
				CLANG_WARN_OBJC_IMPLICIT_RETAIN_SELF = YES;
				CLANG_WARN_OBJC_LITERAL_CONVERSION = YES;
				CLANG_WARN_OBJC_ROOT_CLASS = YES_ERROR;
				CLANG_WARN_QUOTED_INCLUDE_IN_FRAMEWORK_HEADER = YES;
				CLANG_WARN_RANGE_LOOP_ANALYSIS = YES;
				CLANG_WARN_STRICT_PROTOTYPES = YES;
				CLANG_WARN_SUSPICIOUS_MOVE = YES;
				CLANG_WARN_UNGUARDED_AVAILABILITY = YES_AGGRESSIVE;
				CLANG_WARN_UNREACHABLE_CODE = YES;
				CLANG_WARN__DUPLICATE_METHOD_MATCH = YES;
				COPY_PHASE_STRIP = NO;
				DEBUG_INFORMATION_FORMAT = dwarf;
				ENABLE_STRICT_OBJC_MSGSEND = YES;
				ENABLE_TESTABILITY = YES;
				GCC_C_LANGUAGE_STANDARD = gnu11;
				GCC_DYNAMIC_NO_PIC = NO;
				GCC_NO_COMMON_BLOCKS = YES;
				GCC_OPTIMIZATION_LEVEL = 0;
				GCC_PREPROCESSOR_DEFINITIONS = (
					"DEBUG=1",
					"$(inherited)",
				);
				GCC_WARN_64_TO_32_BIT_CONVERSION = YES;
				GCC_WARN_ABOUT_RETURN_TYPE = YES_ERROR;
				GCC_WARN_UNDECLARED_SELECTOR = YES;
				GCC_WARN_UNINITIALIZED_AUTOS = YES_AGGRESSIVE;
				GCC_WARN_UNUSED_FUNCTION = YES;
				GCC_WARN_UNUSED_VARIABLE = YES;
				IPHONEOS_DEPLOYMENT_TARGET = 15.4;
				MTL_ENABLE_DEBUG_INFO = INCLUDE_SOURCE;
				MTL_FAST_MATH = YES;
				ONLY_ACTIVE_ARCH = YES;
				SDKROOT = iphoneos;
				SWIFT_ACTIVE_COMPILATION_CONDITIONS = DEBUG;
				SWIFT_OPTIMIZATION_LEVEL = "-Onone";
			};
			name = Debug;
		};
		5794459327ED6A9E00AAD091 /* Release */ = {
			isa = XCBuildConfiguration;
			buildSettings = {
				ALWAYS_SEARCH_USER_PATHS = NO;
				CLANG_ANALYZER_NONNULL = YES;
				CLANG_ANALYZER_NUMBER_OBJECT_CONVERSION = YES_AGGRESSIVE;
				CLANG_CXX_LANGUAGE_STANDARD = "gnu++17";
				CLANG_ENABLE_MODULES = YES;
				CLANG_ENABLE_OBJC_ARC = YES;
				CLANG_ENABLE_OBJC_WEAK = YES;
				CLANG_WARN_BLOCK_CAPTURE_AUTORELEASING = YES;
				CLANG_WARN_BOOL_CONVERSION = YES;
				CLANG_WARN_COMMA = YES;
				CLANG_WARN_CONSTANT_CONVERSION = YES;
				CLANG_WARN_DEPRECATED_OBJC_IMPLEMENTATIONS = YES;
				CLANG_WARN_DIRECT_OBJC_ISA_USAGE = YES_ERROR;
				CLANG_WARN_DOCUMENTATION_COMMENTS = YES;
				CLANG_WARN_EMPTY_BODY = YES;
				CLANG_WARN_ENUM_CONVERSION = YES;
				CLANG_WARN_INFINITE_RECURSION = YES;
				CLANG_WARN_INT_CONVERSION = YES;
				CLANG_WARN_NON_LITERAL_NULL_CONVERSION = YES;
				CLANG_WARN_OBJC_IMPLICIT_RETAIN_SELF = YES;
				CLANG_WARN_OBJC_LITERAL_CONVERSION = YES;
				CLANG_WARN_OBJC_ROOT_CLASS = YES_ERROR;
				CLANG_WARN_QUOTED_INCLUDE_IN_FRAMEWORK_HEADER = YES;
				CLANG_WARN_RANGE_LOOP_ANALYSIS = YES;
				CLANG_WARN_STRICT_PROTOTYPES = YES;
				CLANG_WARN_SUSPICIOUS_MOVE = YES;
				CLANG_WARN_UNGUARDED_AVAILABILITY = YES_AGGRESSIVE;
				CLANG_WARN_UNREACHABLE_CODE = YES;
				CLANG_WARN__DUPLICATE_METHOD_MATCH = YES;
				COPY_PHASE_STRIP = NO;
				DEBUG_INFORMATION_FORMAT = "dwarf-with-dsym";
				ENABLE_NS_ASSERTIONS = NO;
				ENABLE_STRICT_OBJC_MSGSEND = YES;
				GCC_C_LANGUAGE_STANDARD = gnu11;
				GCC_NO_COMMON_BLOCKS = YES;
				GCC_WARN_64_TO_32_BIT_CONVERSION = YES;
				GCC_WARN_ABOUT_RETURN_TYPE = YES_ERROR;
				GCC_WARN_UNDECLARED_SELECTOR = YES;
				GCC_WARN_UNINITIALIZED_AUTOS = YES_AGGRESSIVE;
				GCC_WARN_UNUSED_FUNCTION = YES;
				GCC_WARN_UNUSED_VARIABLE = YES;
				IPHONEOS_DEPLOYMENT_TARGET = 15.4;
				MTL_ENABLE_DEBUG_INFO = NO;
				MTL_FAST_MATH = YES;
				SDKROOT = iphoneos;
				SWIFT_COMPILATION_MODE = wholemodule;
				SWIFT_OPTIMIZATION_LEVEL = "-O";
				VALIDATE_PRODUCT = YES;
			};
			name = Release;
		};
		5794459527ED6A9E00AAD091 /* Debug */ = {
			isa = XCBuildConfiguration;
			baseConfigurationReference = 177CFDB78995FA073A9FBC9E /* Pods-Parstagram.debug.xcconfig */;
			buildSettings = {
				ASSETCATALOG_COMPILER_APPICON_NAME = AppIcon;
				ASSETCATALOG_COMPILER_GLOBAL_ACCENT_COLOR_NAME = AccentColor;
				CODE_SIGN_STYLE = Automatic;
				CURRENT_PROJECT_VERSION = 1;
				DEVELOPMENT_TEAM = 69369UYLRK;
				GENERATE_INFOPLIST_FILE = YES;
				INFOPLIST_FILE = Parstagram/Info.plist;
				INFOPLIST_KEY_UIApplicationSupportsIndirectInputEvents = YES;
				INFOPLIST_KEY_UILaunchStoryboardName = LaunchScreen;
				INFOPLIST_KEY_UIMainStoryboardFile = Main;
				INFOPLIST_KEY_UISupportedInterfaceOrientations_iPad = "UIInterfaceOrientationPortrait UIInterfaceOrientationPortraitUpsideDown UIInterfaceOrientationLandscapeLeft UIInterfaceOrientationLandscapeRight";
				INFOPLIST_KEY_UISupportedInterfaceOrientations_iPhone = "UIInterfaceOrientationPortrait UIInterfaceOrientationLandscapeLeft UIInterfaceOrientationLandscapeRight";
				LD_RUNPATH_SEARCH_PATHS = (
					"$(inherited)",
					"@executable_path/Frameworks",
				);
				MARKETING_VERSION = 1.0;
				PRODUCT_BUNDLE_IDENTIFIER = com.sstevens.Parstagram;
				PRODUCT_NAME = "$(TARGET_NAME)";
				SWIFT_EMIT_LOC_STRINGS = YES;
				SWIFT_VERSION = 5.0;
				TARGETED_DEVICE_FAMILY = "1,2";
			};
			name = Debug;
		};
		5794459627ED6A9E00AAD091 /* Release */ = {
			isa = XCBuildConfiguration;
			baseConfigurationReference = 6045B8E3165977630F0F8174 /* Pods-Parstagram.release.xcconfig */;
			buildSettings = {
				ASSETCATALOG_COMPILER_APPICON_NAME = AppIcon;
				ASSETCATALOG_COMPILER_GLOBAL_ACCENT_COLOR_NAME = AccentColor;
				CODE_SIGN_STYLE = Automatic;
				CURRENT_PROJECT_VERSION = 1;
				DEVELOPMENT_TEAM = 69369UYLRK;
				GENERATE_INFOPLIST_FILE = YES;
				INFOPLIST_FILE = Parstagram/Info.plist;
				INFOPLIST_KEY_UIApplicationSupportsIndirectInputEvents = YES;
				INFOPLIST_KEY_UILaunchStoryboardName = LaunchScreen;
				INFOPLIST_KEY_UIMainStoryboardFile = Main;
				INFOPLIST_KEY_UISupportedInterfaceOrientations_iPad = "UIInterfaceOrientationPortrait UIInterfaceOrientationPortraitUpsideDown UIInterfaceOrientationLandscapeLeft UIInterfaceOrientationLandscapeRight";
				INFOPLIST_KEY_UISupportedInterfaceOrientations_iPhone = "UIInterfaceOrientationPortrait UIInterfaceOrientationLandscapeLeft UIInterfaceOrientationLandscapeRight";
				LD_RUNPATH_SEARCH_PATHS = (
					"$(inherited)",
					"@executable_path/Frameworks",
				);
				MARKETING_VERSION = 1.0;
				PRODUCT_BUNDLE_IDENTIFIER = com.sstevens.Parstagram;
				PRODUCT_NAME = "$(TARGET_NAME)";
				SWIFT_EMIT_LOC_STRINGS = YES;
				SWIFT_VERSION = 5.0;
				TARGETED_DEVICE_FAMILY = "1,2";
			};
			name = Release;
		};
		5794459827ED6A9E00AAD091 /* Debug */ = {
			isa = XCBuildConfiguration;
			baseConfigurationReference = F40DCC86E20B86A6FFF23ACE /* Pods-ParstagramTests.debug.xcconfig */;
			buildSettings = {
				ALWAYS_EMBED_SWIFT_STANDARD_LIBRARIES = YES;
				BUNDLE_LOADER = "$(TEST_HOST)";
				CODE_SIGN_STYLE = Automatic;
				CURRENT_PROJECT_VERSION = 1;
				DEVELOPMENT_TEAM = 69369UYLRK;
				GENERATE_INFOPLIST_FILE = YES;
				IPHONEOS_DEPLOYMENT_TARGET = 15.4;
				MARKETING_VERSION = 1.0;
				PRODUCT_BUNDLE_IDENTIFIER = com.sstevens.ParstagramTests;
				PRODUCT_NAME = "$(TARGET_NAME)";
				SWIFT_EMIT_LOC_STRINGS = NO;
				SWIFT_VERSION = 5.0;
				TARGETED_DEVICE_FAMILY = "1,2";
				TEST_HOST = "$(BUILT_PRODUCTS_DIR)/Parstagram.app/Parstagram";
			};
			name = Debug;
		};
		5794459927ED6A9E00AAD091 /* Release */ = {
			isa = XCBuildConfiguration;
			baseConfigurationReference = 822B0177C8A9EC0F7A763278 /* Pods-ParstagramTests.release.xcconfig */;
			buildSettings = {
				ALWAYS_EMBED_SWIFT_STANDARD_LIBRARIES = YES;
				BUNDLE_LOADER = "$(TEST_HOST)";
				CODE_SIGN_STYLE = Automatic;
				CURRENT_PROJECT_VERSION = 1;
				DEVELOPMENT_TEAM = 69369UYLRK;
				GENERATE_INFOPLIST_FILE = YES;
				IPHONEOS_DEPLOYMENT_TARGET = 15.4;
				MARKETING_VERSION = 1.0;
				PRODUCT_BUNDLE_IDENTIFIER = com.sstevens.ParstagramTests;
				PRODUCT_NAME = "$(TARGET_NAME)";
				SWIFT_EMIT_LOC_STRINGS = NO;
				SWIFT_VERSION = 5.0;
				TARGETED_DEVICE_FAMILY = "1,2";
				TEST_HOST = "$(BUILT_PRODUCTS_DIR)/Parstagram.app/Parstagram";
			};
			name = Release;
		};
		5794459B27ED6A9E00AAD091 /* Debug */ = {
			isa = XCBuildConfiguration;
			baseConfigurationReference = 17222C383AF6D1F8A1C15A6B /* Pods-Parstagram-ParstagramUITests.debug.xcconfig */;
			buildSettings = {
				ALWAYS_EMBED_SWIFT_STANDARD_LIBRARIES = YES;
				CODE_SIGN_STYLE = Automatic;
				CURRENT_PROJECT_VERSION = 1;
				DEVELOPMENT_TEAM = 69369UYLRK;
				GENERATE_INFOPLIST_FILE = YES;
				MARKETING_VERSION = 1.0;
				PRODUCT_BUNDLE_IDENTIFIER = com.sstevens.ParstagramUITests;
				PRODUCT_NAME = "$(TARGET_NAME)";
				SWIFT_EMIT_LOC_STRINGS = NO;
				SWIFT_VERSION = 5.0;
				TARGETED_DEVICE_FAMILY = "1,2";
				TEST_TARGET_NAME = Parstagram;
			};
			name = Debug;
		};
		5794459C27ED6A9E00AAD091 /* Release */ = {
			isa = XCBuildConfiguration;
			baseConfigurationReference = 44389C6EC946A885E9E677CF /* Pods-Parstagram-ParstagramUITests.release.xcconfig */;
			buildSettings = {
				ALWAYS_EMBED_SWIFT_STANDARD_LIBRARIES = YES;
				CODE_SIGN_STYLE = Automatic;
				CURRENT_PROJECT_VERSION = 1;
				DEVELOPMENT_TEAM = 69369UYLRK;
				GENERATE_INFOPLIST_FILE = YES;
				MARKETING_VERSION = 1.0;
				PRODUCT_BUNDLE_IDENTIFIER = com.sstevens.ParstagramUITests;
				PRODUCT_NAME = "$(TARGET_NAME)";
				SWIFT_EMIT_LOC_STRINGS = NO;
				SWIFT_VERSION = 5.0;
				TARGETED_DEVICE_FAMILY = "1,2";
				TEST_TARGET_NAME = Parstagram;
			};
			name = Release;
		};
/* End XCBuildConfiguration section */

/* Begin XCConfigurationList section */
		5794456527ED6A9C00AAD091 /* Build configuration list for PBXProject "Parstagram" */ = {
			isa = XCConfigurationList;
			buildConfigurations = (
				5794459227ED6A9E00AAD091 /* Debug */,
				5794459327ED6A9E00AAD091 /* Release */,
			);
			defaultConfigurationIsVisible = 0;
			defaultConfigurationName = Release;
		};
		5794459427ED6A9E00AAD091 /* Build configuration list for PBXNativeTarget "Parstagram" */ = {
			isa = XCConfigurationList;
			buildConfigurations = (
				5794459527ED6A9E00AAD091 /* Debug */,
				5794459627ED6A9E00AAD091 /* Release */,
			);
			defaultConfigurationIsVisible = 0;
			defaultConfigurationName = Release;
		};
		5794459727ED6A9E00AAD091 /* Build configuration list for PBXNativeTarget "ParstagramTests" */ = {
			isa = XCConfigurationList;
			buildConfigurations = (
				5794459827ED6A9E00AAD091 /* Debug */,
				5794459927ED6A9E00AAD091 /* Release */,
			);
			defaultConfigurationIsVisible = 0;
			defaultConfigurationName = Release;
		};
		5794459A27ED6A9E00AAD091 /* Build configuration list for PBXNativeTarget "ParstagramUITests" */ = {
			isa = XCConfigurationList;
			buildConfigurations = (
				5794459B27ED6A9E00AAD091 /* Debug */,
				5794459C27ED6A9E00AAD091 /* Release */,
			);
			defaultConfigurationIsVisible = 0;
			defaultConfigurationName = Release;
		};
/* End XCConfigurationList section */
	};
	rootObject = 5794456227ED6A9C00AAD091 /* Project object */;
}
